
Microsoft Visual Studio Solution File, Format Version 12.00
# Visual Studio Version 17
VisualStudioVersion = 17.8.34309.116
MinimumVisualStudioVersion = 10.0.40219.1
Project("{FAE04EC0-301F-11D3-BF4B-00C04F79EFBC}") = "GameServer", "ConsoleApp1\GameServer.csproj", "{5526CFB6-F163-4745-8C64-7BD721761ED1}"
EndProject
Global
	GlobalSection(SolutionConfigurationPlatforms) = preSolution
		Debug|Any CPU = Debug|Any CPU
		Release|Any CPU = Release|Any CPU
	EndGlobalSection
	GlobalSection(ProjectConfigurationPlatforms) = postSolution
		{5526CFB6-F163-4745-8C64-7BD721761ED1}.Debug|Any CPU.ActiveCfg = Debug|Any CPU
		{5526CFB6-F163-4745-8C64-7BD721761ED1}.Debug|Any CPU.Build.0 = Debug|Any CPU
		{5526CFB6-F163-4745-8C64-7BD721761ED1}.Release|Any CPU.ActiveCfg = Release|Any CPU
		{5526CFB6-F163-4745-8C64-7BD721761ED1}.Release|Any CPU.Build.0 = Release|Any CPU
	EndGlobalSection
	GlobalSection(SolutionProperties) = preSolution
		HideSolutionNode = FALSE
	EndGlobalSection
	GlobalSection(ExtensibilityGlobals) = postSolution
		SolutionGuid = {38773A16-D67C-4174-9556-3785240A7127}
	EndGlobalSection
EndGlobal
